{
  "name": "matlab-copilot-sidecar",
  "version": "0.10.0",
  "lockfileVersion": 3,
  "requires": true,
  "packages": {
    "": {
      "name": "matlab-copilot-sidecar",
      "version": "0.10.0",
      "bin": {
        "matlab-copilot-approval": "src/permissionServer.js",
        "matlab-copilot-sidecar": "src/index.js"
      },
      "engines": {
        "node": ">=20"
      }
    }
  }
}
